// !$*UTF8*$!
{
	archiveVersion = 1;
	classes = {
	};
	objectVersion = 46;
	objects = {

/* Begin PBXBuildFile section */
		ED447B6F1DEE26D800383EDA /* NationalViewController.swift in Sources */ = {isa = PBXBuildFile; fileRef = ED447B6E1DEE26D800383EDA /* NationalViewController.swift */; };
		ED447B711DEE27F400383EDA /* NationaModel.swift in Sources */ = {isa = PBXBuildFile; fileRef = ED447B701DEE27F400383EDA /* NationaModel.swift */; };
		ED447B741DEE2B9B00383EDA /* NationalCell.swift in Sources */ = {isa = PBXBuildFile; fileRef = ED447B731DEE2B9B00383EDA /* NationalCell.swift */; };
		ED7358431DEF6954006160FB /* BarranquillaViewController.swift in Sources */ = {isa = PBXBuildFile; fileRef = ED7358421DEF6954006160FB /* BarranquillaViewController.swift */; };
		ED7358481DEF6DAA006160FB /* BarranquillaModel.swift in Sources */ = {isa = PBXBuildFile; fileRef = ED7358471DEF6DAA006160FB /* BarranquillaModel.swift */; };
		ED73584B1DEF6E35006160FB /* BarranquillaCell.swift in Sources */ = {isa = PBXBuildFile; fileRef = ED73584A1DEF6E35006160FB /* BarranquillaCell.swift */; };
		EDBDE6591DECA1A7001A3F73 /* AllianceViewController.swift in Sources */ = {isa = PBXBuildFile; fileRef = EDBDE6581DECA1A7001A3F73 /* AllianceViewController.swift */; };
		EDBDE65C1DECA327001A3F73 /* AllianceModel.swift in Sources */ = {isa = PBXBuildFile; fileRef = EDBDE65B1DECA327001A3F73 /* AllianceModel.swift */; };
		EDBDE65F1DECA52F001A3F73 /* AllianceCell.swift in Sources */ = {isa = PBXBuildFile; fileRef = EDBDE65E1DECA52F001A3F73 /* AllianceCell.swift */; };
		EDCAB8D21DE77BE60039260F /* AppDelegate.swift in Sources */ = {isa = PBXBuildFile; fileRef = EDCAB8D11DE77BE60039260F /* AppDelegate.swift */; };
		EDCAB8D41DE77BE60039260F /* ViewController.swift in Sources */ = {isa = PBXBuildFile; fileRef = EDCAB8D31DE77BE60039260F /* ViewController.swift */; };
		EDCAB8D71DE77BE60039260F /* Main.storyboard in Resources */ = {isa = PBXBuildFile; fileRef = EDCAB8D51DE77BE60039260F /* Main.storyboard */; };
		EDCAB8D91DE77BE60039260F /* Assets.xcassets in Resources */ = {isa = PBXBuildFile; fileRef = EDCAB8D81DE77BE60039260F /* Assets.xcassets */; };
		EDCAB8DC1DE77BE60039260F /* LaunchScreen.storyboard in Resources */ = {isa = PBXBuildFile; fileRef = EDCAB8DA1DE77BE60039260F /* LaunchScreen.storyboard */; };
		EDE896931DEB697600DA7980 /* StoreViewController.swift in Sources */ = {isa = PBXBuildFile; fileRef = EDE896921DEB697600DA7980 /* StoreViewController.swift */; };
		EDE896951DEB6A1600DA7980 /* EventsViewController.swift in Sources */ = {isa = PBXBuildFile; fileRef = EDE896941DEB6A1600DA7980 /* EventsViewController.swift */; };
		EDE961E51DEB3AA800CB7758 /* RecordarCell.swift in Sources */ = {isa = PBXBuildFile; fileRef = EDE961E41DEB3AA800CB7758 /* RecordarCell.swift */; };
		EDE961E71DEB3E2200CB7758 /* MainModel.swift in Sources */ = {isa = PBXBuildFile; fileRef = EDE961E61DEB3E2200CB7758 /* MainModel.swift */; };
		EDE961E91DEB56CD00CB7758 /* CourseViewController.swift in Sources */ = {isa = PBXBuildFile; fileRef = EDE961E81DEB56CD00CB7758 /* CourseViewController.swift */; };
		EDF593AE1DF0CFBB00712AB1 /* BogotaViewController.swift in Sources */ = {isa = PBXBuildFile; fileRef = EDF593AD1DF0CFBB00712AB1 /* BogotaViewController.swift */; };
		EDF593B11DF0CFE800712AB1 /* BogotaModel.swift in Sources */ = {isa = PBXBuildFile; fileRef = EDF593B01DF0CFE800712AB1 /* BogotaModel.swift */; };
		EDF593B41DF0D10100712AB1 /* BogotaCell.swift in Sources */ = {isa = PBXBuildFile; fileRef = EDF593B31DF0D10100712AB1 /* BogotaCell.swift */; };
/* End PBXBuildFile section */

/* Begin PBXFileReference section */
		ED447B6E1DEE26D800383EDA /* NationalViewController.swift */ = {isa = PBXFileReference; fileEncoding = 4; lastKnownFileType = sourcecode.swift; path = NationalViewController.swift; sourceTree = "<group>"; };
		ED447B701DEE27F400383EDA /* NationaModel.swift */ = {isa = PBXFileReference; fileEncoding = 4; lastKnownFileType = sourcecode.swift; path = NationaModel.swift; sourceTree = "<group>"; };
		ED447B731DEE2B9B00383EDA /* NationalCell.swift */ = {isa = PBXFileReference; fileEncoding = 4; lastKnownFileType = sourcecode.swift; path = NationalCell.swift; sourceTree = "<group>"; };
		ED7358421DEF6954006160FB /* BarranquillaViewController.swift */ = {isa = PBXFileReference; fileEncoding = 4; lastKnownFileType = sourcecode.swift; path = BarranquillaViewController.swift; sourceTree = "<group>"; };
		ED7358471DEF6DAA006160FB /* BarranquillaModel.swift */ = {isa = PBXFileReference; fileEncoding = 4; lastKnownFileType = sourcecode.swift; path = BarranquillaModel.swift; sourceTree = "<group>"; };
		ED73584A1DEF6E35006160FB /* BarranquillaCell.swift */ = {isa = PBXFileReference; fileEncoding = 4; lastKnownFileType = sourcecode.swift; path = BarranquillaCell.swift; sourceTree = "<group>"; };
		EDBDE6581DECA1A7001A3F73 /* AllianceViewController.swift */ = {isa = PBXFileReference; fileEncoding = 4; lastKnownFileType = sourcecode.swift; path = AllianceViewController.swift; sourceTree = "<group>"; };
		EDBDE65B1DECA327001A3F73 /* AllianceModel.swift */ = {isa = PBXFileReference; fileEncoding = 4; lastKnownFileType = sourcecode.swift; path = AllianceModel.swift; sourceTree = "<group>"; };
		EDBDE65E1DECA52F001A3F73 /* AllianceCell.swift */ = {isa = PBXFileReference; fileEncoding = 4; lastKnownFileType = sourcecode.swift; path = AllianceCell.swift; sourceTree = "<group>"; };
		EDCAB8CE1DE77BE50039260F /* clubrecordarios.app */ = {isa = PBXFileReference; explicitFileType = wrapper.application; includeInIndex = 0; path = clubrecordarios.app; sourceTree = BUILT_PRODUCTS_DIR; };
		EDCAB8D11DE77BE60039260F /* AppDelegate.swift */ = {isa = PBXFileReference; lastKnownFileType = sourcecode.swift; path = AppDelegate.swift; sourceTree = "<group>"; };
		EDCAB8D31DE77BE60039260F /* ViewController.swift */ = {isa = PBXFileReference; lastKnownFileType = sourcecode.swift; path = ViewController.swift; sourceTree = "<group>"; };
		EDCAB8D61DE77BE60039260F /* Base */ = {isa = PBXFileReference; lastKnownFileType = file.storyboard; name = Base; path = Base.lproj/Main.storyboard; sourceTree = "<group>"; };
		EDCAB8D81DE77BE60039260F /* Assets.xcassets */ = {isa = PBXFileReference; lastKnownFileType = folder.assetcatalog; path = Assets.xcassets; sourceTree = "<group>"; };
		EDCAB8DB1DE77BE60039260F /* Base */ = {isa = PBXFileReference; lastKnownFileType = file.storyboard; name = Base; path = Base.lproj/LaunchScreen.storyboard; sourceTree = "<group>"; };
		EDCAB8DD1DE77BE60039260F /* Info.plist */ = {isa = PBXFileReference; lastKnownFileType = text.plist.xml; path = Info.plist; sourceTree = "<group>"; };
		EDE896921DEB697600DA7980 /* StoreViewController.swift */ = {isa = PBXFileReference; fileEncoding = 4; lastKnownFileType = sourcecode.swift; path = StoreViewController.swift; sourceTree = "<group>"; };
		EDE896941DEB6A1600DA7980 /* EventsViewController.swift */ = {isa = PBXFileReference; fileEncoding = 4; lastKnownFileType = sourcecode.swift; path = EventsViewController.swift; sourceTree = "<group>"; };
		EDE961E41DEB3AA800CB7758 /* RecordarCell.swift */ = {isa = PBXFileReference; fileEncoding = 4; lastKnownFileType = sourcecode.swift; path = RecordarCell.swift; sourceTree = "<group>"; };
		EDE961E61DEB3E2200CB7758 /* MainModel.swift */ = {isa = PBXFileReference; fileEncoding = 4; lastKnownFileType = sourcecode.swift; path = MainModel.swift; sourceTree = "<group>"; };
		EDE961E81DEB56CD00CB7758 /* CourseViewController.swift */ = {isa = PBXFileReference; fileEncoding = 4; lastKnownFileType = sourcecode.swift; path = CourseViewController.swift; sourceTree = "<group>"; };
		EDF593AD1DF0CFBB00712AB1 /* BogotaViewController.swift */ = {isa = PBXFileReference; fileEncoding = 4; lastKnownFileType = sourcecode.swift; path = BogotaViewController.swift; sourceTree = "<group>"; };
		EDF593B01DF0CFE800712AB1 /* BogotaModel.swift */ = {isa = PBXFileReference; fileEncoding = 4; lastKnownFileType = sourcecode.swift; path = BogotaModel.swift; sourceTree = "<group>"; };
		EDF593B31DF0D10100712AB1 /* BogotaCell.swift */ = {isa = PBXFileReference; fileEncoding = 4; lastKnownFileType = sourcecode.swift; path = BogotaCell.swift; sourceTree = "<group>"; };
/* End PBXFileReference section */

/* Begin PBXFrameworksBuildPhase section */
		EDCAB8CB1DE77BE50039260F /* Frameworks */ = {
			isa = PBXFrameworksBuildPhase;
			buildActionMask = 2147483647;
			files = (
			);
			runOnlyForDeploymentPostprocessing = 0;
		};
/* End PBXFrameworksBuildPhase section */

/* Begin PBXGroup section */
		ED447B6C1DEE255F00383EDA /* national */ = {
			isa = PBXGroup;
			children = (
				ED447B701DEE27F400383EDA /* NationaModel.swift */,
			);
			name = national;
			sourceTree = "<group>";
		};
		ED447B6D1DEE25F400383EDA /* national */ = {
			isa = PBXGroup;
			children = (
				ED447B6E1DEE26D800383EDA /* NationalViewController.swift */,
			);
			name = national;
			sourceTree = "<group>";
		};
		ED447B721DEE2ACD00383EDA /* national */ = {
			isa = PBXGroup;
			children = (
				ED447B731DEE2B9B00383EDA /* NationalCell.swift */,
			);
			name = national;
			sourceTree = "<group>";
		};
		ED7358411DEF68D4006160FB /* barranquilla */ = {
			isa = PBXGroup;
			children = (
				ED7358421DEF6954006160FB /* BarranquillaViewController.swift */,
			);
			name = barranquilla;
			sourceTree = "<group>";
		};
		ED7358441DEF6D73006160FB /* barranquilla */ = {
			isa = PBXGroup;
			children = (
				ED7358471DEF6DAA006160FB /* BarranquillaModel.swift */,
			);
			name = barranquilla;
			sourceTree = "<group>";
		};
		ED7358491DEF6DD6006160FB /* barranquilla */ = {
			isa = PBXGroup;
			children = (
				ED73584A1DEF6E35006160FB /* BarranquillaCell.swift */,
			);
			name = barranquilla;
			sourceTree = "<group>";
		};
		EDBDE65A1DECA30D001A3F73 /* alliance */ = {
			isa = PBXGroup;
			children = (
				EDBDE65B1DECA327001A3F73 /* AllianceModel.swift */,
			);
			name = alliance;
			sourceTree = "<group>";
		};
		EDBDE65D1DECA4FA001A3F73 /* alliance */ = {
			isa = PBXGroup;
			children = (
				EDBDE65E1DECA52F001A3F73 /* AllianceCell.swift */,
			);
			name = alliance;
			sourceTree = "<group>";
		};
		EDCAB8C51DE77BE50039260F = {
			isa = PBXGroup;
			children = (
				EDCAB8D01DE77BE50039260F /* clubrecordarios */,
				EDCAB8CF1DE77BE50039260F /* Products */,
			);
			sourceTree = "<group>";
		};
		EDCAB8CF1DE77BE50039260F /* Products */ = {
			isa = PBXGroup;
			children = (
				EDCAB8CE1DE77BE50039260F /* clubrecordarios.app */,
			);
			name = Products;
			sourceTree = "<group>";
		};
		EDCAB8D01DE77BE50039260F /* clubrecordarios */ = {
			isa = PBXGroup;
			children = (
				EDE961E31DEB107500CB7758 /* Model */,
				EDE961E21DEB106E00CB7758 /* Controller */,
				EDE961E11DEB106500CB7758 /* View */,
				EDCAB8D31DE77BE60039260F /* ViewController.swift */,
				EDCAB8D11DE77BE60039260F /* AppDelegate.swift */,
				EDCAB8D51DE77BE60039260F /* Main.storyboard */,
				EDCAB8DA1DE77BE60039260F /* LaunchScreen.storyboard */,
				EDCAB8D81DE77BE60039260F /* Assets.xcassets */,
				EDCAB8DD1DE77BE60039260F /* Info.plist */,
			);
			path = clubrecordarios;
			sourceTree = "<group>";
		};
		EDE961E11DEB106500CB7758 /* View */ = {
			isa = PBXGroup;
			children = (
				EDF593B21DF0D0E300712AB1 /* bogota */,
				ED7358491DEF6DD6006160FB /* barranquilla */,
				ED447B721DEE2ACD00383EDA /* national */,
				EDBDE65D1DECA4FA001A3F73 /* alliance */,
				EDE961E41DEB3AA800CB7758 /* RecordarCell.swift */,
			);
			name = View;
			sourceTree = "<group>";
		};
		EDE961E21DEB106E00CB7758 /* Controller */ = {
			isa = PBXGroup;
			children = (
				EDF593AC1DF0CF6300712AB1 /* bogota */,
				ED7358411DEF68D4006160FB /* barranquilla */,
				ED447B6D1DEE25F400383EDA /* national */,
				EDE961E81DEB56CD00CB7758 /* CourseViewController.swift */,
				EDE896921DEB697600DA7980 /* StoreViewController.swift */,
				EDE896941DEB6A1600DA7980 /* EventsViewController.swift */,
				EDBDE6581DECA1A7001A3F73 /* AllianceViewController.swift */,
			);
			name = Controller;
			sourceTree = "<group>";
		};
		EDE961E31DEB107500CB7758 /* Model */ = {
			isa = PBXGroup;
			children = (
				EDF593AF1DF0CFD600712AB1 /* bogota */,
				ED7358441DEF6D73006160FB /* barranquilla */,
				ED447B6C1DEE255F00383EDA /* national */,
				EDBDE65A1DECA30D001A3F73 /* alliance */,
				EDE961E61DEB3E2200CB7758 /* MainModel.swift */,
			);
			name = Model;
			sourceTree = "<group>";
		};
		EDF593AC1DF0CF6300712AB1 /* bogota */ = {
			isa = PBXGroup;
			children = (
				EDF593AD1DF0CFBB00712AB1 /* BogotaViewController.swift */,
			);
			name = bogota;
			sourceTree = "<group>";
		};
		EDF593AF1DF0CFD600712AB1 /* bogota */ = {
			isa = PBXGroup;
			children = (
				EDF593B01DF0CFE800712AB1 /* BogotaModel.swift */,
			);
			name = bogota;
			sourceTree = "<group>";
		};
		EDF593B21DF0D0E300712AB1 /* bogota */ = {
			isa = PBXGroup;
			children = (
				EDF593B31DF0D10100712AB1 /* BogotaCell.swift */,
			);
			name = bogota;
			sourceTree = "<group>";
		};
/* End PBXGroup section */

/* Begin PBXNativeTarget section */
		EDCAB8CD1DE77BE50039260F /* clubrecordarios */ = {
			isa = PBXNativeTarget;
			buildConfigurationList = EDCAB8E01DE77BE60039260F /* Build configuration list for PBXNativeTarget "clubrecordarios" */;
			buildPhases = (
				EDCAB8CA1DE77BE50039260F /* Sources */,
				EDCAB8CB1DE77BE50039260F /* Frameworks */,
				EDCAB8CC1DE77BE50039260F /* Resources */,
			);
			buildRules = (
			);
			dependencies = (
			);
			name = clubrecordarios;
			productName = clubrecordarios;
			productReference = EDCAB8CE1DE77BE50039260F /* clubrecordarios.app */;
			productType = "com.apple.product-type.application";
		};
/* End PBXNativeTarget section */

/* Begin PBXProject section */
		EDCAB8C61DE77BE50039260F /* Project object */ = {
			isa = PBXProject;
			attributes = {
				LastSwiftUpdateCheck = 0800;
				LastUpgradeCheck = 0800;
				ORGANIZATIONNAME = clubrecordar;
				TargetAttributes = {
					EDCAB8CD1DE77BE50039260F = {
						CreatedOnToolsVersion = 8.0;
						ProvisioningStyle = Automatic;
					};
				};
			};
			buildConfigurationList = EDCAB8C91DE77BE50039260F /* Build configuration list for PBXProject "clubrecordarios" */;
			compatibilityVersion = "Xcode 3.2";
			developmentRegion = English;
			hasScannedForEncodings = 0;
			knownRegions = (
				en,
				Base,
			);
			mainGroup = EDCAB8C51DE77BE50039260F;
			productRefGroup = EDCAB8CF1DE77BE50039260F /* Products */;
			projectDirPath = "";
			projectRoot = "";
			targets = (
				EDCAB8CD1DE77BE50039260F /* clubrecordarios */,
			);
		};
/* End PBXProject section */

/* Begin PBXResourcesBuildPhase section */
		EDCAB8CC1DE77BE50039260F /* Resources */ = {
			isa = PBXResourcesBuildPhase;
			buildActionMask = 2147483647;
			files = (
				EDCAB8DC1DE77BE60039260F /* LaunchScreen.storyboard in Resources */,
				EDCAB8D91DE77BE60039260F /* Assets.xcassets in Resources */,
				EDCAB8D71DE77BE60039260F /* Main.storyboard in Resources */,
			);
			runOnlyForDeploymentPostprocessing = 0;
		};
/* End PBXResourcesBuildPhase section */

/* Begin PBXSourcesBuildPhase section */
		EDCAB8CA1DE77BE50039260F /* Sources */ = {
			isa = PBXSourcesBuildPhase;
			buildActionMask = 2147483647;
			files = (
				EDF593B41DF0D10100712AB1 /* BogotaCell.swift in Sources */,
				EDF593AE1DF0CFBB00712AB1 /* BogotaViewController.swift in Sources */,
				EDE961E71DEB3E2200CB7758 /* MainModel.swift in Sources */,
				EDBDE65C1DECA327001A3F73 /* AllianceModel.swift in Sources */,
				EDCAB8D41DE77BE60039260F /* ViewController.swift in Sources */,
				ED447B6F1DEE26D800383EDA /* NationalViewController.swift in Sources */,
				ED447B711DEE27F400383EDA /* NationaModel.swift in Sources */,
				EDE896931DEB697600DA7980 /* StoreViewController.swift in Sources */,
				ED7358431DEF6954006160FB /* BarranquillaViewController.swift in Sources */,
				ED7358481DEF6DAA006160FB /* BarranquillaModel.swift in Sources */,
				EDCAB8D21DE77BE60039260F /* AppDelegate.swift in Sources */,
				EDE896951DEB6A1600DA7980 /* EventsViewController.swift in Sources */,
				ED447B741DEE2B9B00383EDA /* NationalCell.swift in Sources */,
				EDBDE65F1DECA52F001A3F73 /* AllianceCell.swift in Sources */,
				EDF593B11DF0CFE800712AB1 /* BogotaModel.swift in Sources */,
				EDE961E91DEB56CD00CB7758 /* CourseViewController.swift in Sources */,
				EDE961E51DEB3AA800CB7758 /* RecordarCell.swift in Sources */,
				EDBDE6591DECA1A7001A3F73 /* AllianceViewController.swift in Sources */,
				ED73584B1DEF6E35006160FB /* BarranquillaCell.swift in Sources */,
			);
			runOnlyForDeploymentPostprocessing = 0;
		};
/* End PBXSourcesBuildPhase section */

/* Begin PBXVariantGroup section */
		EDCAB8D51DE77BE60039260F /* Main.storyboard */ = {
			isa = PBXVariantGroup;
			children = (
				EDCAB8D61DE77BE60039260F /* Base */,
			);
			name = Main.storyboard;
			sourceTree = "<group>";
		};
		EDCAB8DA1DE77BE60039260F /* LaunchScreen.storyboard */ = {
			isa = PBXVariantGroup;
			children = (
				EDCAB8DB1DE77BE60039260F /* Base */,
			);
			name = LaunchScreen.storyboard;
			sourceTree = "<group>";
		};
/* End PBXVariantGroup section */

/* Begin XCBuildConfiguration section */
		EDCAB8DE1DE77BE60039260F /* Debug */ = {
			isa = XCBuildConfiguration;
			buildSettings = {
				ALWAYS_SEARCH_USER_PATHS = NO;
				CLANG_ANALYZER_NONNULL = YES;
				CLANG_CXX_LANGUAGE_STANDARD = "gnu++0x";
				CLANG_CXX_LIBRARY = "libc++";
				CLANG_ENABLE_MODULES = YES;
				CLANG_ENABLE_OBJC_ARC = YES;
				CLANG_WARN_BOOL_CONVERSION = YES;
				CLANG_WARN_CONSTANT_CONVERSION = YES;
				CLANG_WARN_DIRECT_OBJC_ISA_USAGE = YES_ERROR;
				CLANG_WARN_DOCUMENTATION_COMMENTS = YES;
				CLANG_WARN_EMPTY_BODY = YES;
				CLANG_WARN_ENUM_CONVERSION = YES;
				CLANG_WARN_INFINITE_RECURSION = YES;
				CLANG_WARN_INT_CONVERSION = YES;
				CLANG_WARN_OBJC_ROOT_CLASS = YES_ERROR;
				CLANG_WARN_SUSPICIOUS_MOVES = YES;
				CLANG_WARN_UNREACHABLE_CODE = YES;
				CLANG_WARN__DUPLICATE_METHOD_MATCH = YES;
				"CODE_SIGN_IDENTITY[sdk=iphoneos*]" = "iPhone Developer";
				COPY_PHASE_STRIP = NO;
				DEBUG_INFORMATION_FORMAT = dwarf;
				ENABLE_STRICT_OBJC_MSGSEND = YES;
				ENABLE_TESTABILITY = YES;
				GCC_C_LANGUAGE_STANDARD = gnu99;
				GCC_DYNAMIC_NO_PIC = NO;
				GCC_NO_COMMON_BLOCKS = YES;
				GCC_OPTIMIZATION_LEVEL = 0;
				GCC_PREPROCESSOR_DEFINITIONS = (
					"DEBUG=1",
					"$(inherited)",
				);
				GCC_WARN_64_TO_32_BIT_CONVERSION = YES;
				GCC_WARN_ABOUT_RETURN_TYPE = YES_ERROR;
				GCC_WARN_UNDECLARED_SELECTOR = YES;
				GCC_WARN_UNINITIALIZED_AUTOS = YES_AGGRESSIVE;
				GCC_WARN_UNUSED_FUNCTION = YES;
				GCC_WARN_UNUSED_VARIABLE = YES;
				IPHONEOS_DEPLOYMENT_TARGET = 10.0;
				MTL_ENABLE_DEBUG_INFO = YES;
				ONLY_ACTIVE_ARCH = YES;
				SDKROOT = iphoneos;
				SWIFT_ACTIVE_COMPILATION_CONDITIONS = DEBUG;
				SWIFT_OPTIMIZATION_LEVEL = "-Onone";
				TARGETED_DEVICE_FAMILY = "1,2";
			};
			name = Debug;
		};
		EDCAB8DF1DE77BE60039260F /* Release */ = {
			isa = XCBuildConfiguration;
			buildSettings = {
				ALWAYS_SEARCH_USER_PATHS = NO;
				CLANG_ANALYZER_NONNULL = YES;
				CLANG_CXX_LANGUAGE_STANDARD = "gnu++0x";
				CLANG_CXX_LIBRARY = "libc++";
				CLANG_ENABLE_MODULES = YES;
				CLANG_ENABLE_OBJC_ARC = YES;
				CLANG_WARN_BOOL_CONVERSION = YES;
				CLANG_WARN_CONSTANT_CONVERSION = YES;
				CLANG_WARN_DIRECT_OBJC_ISA_USAGE = YES_ERROR;
				CLANG_WARN_DOCUMENTATION_COMMENTS = YES;
				CLANG_WARN_EMPTY_BODY = YES;
				CLANG_WARN_ENUM_CONVERSION = YES;
				CLANG_WARN_INFINITE_RECURSION = YES;
				CLANG_WARN_INT_CONVERSION = YES;
				CLANG_WARN_OBJC_ROOT_CLASS = YES_ERROR;
				CLANG_WARN_SUSPICIOUS_MOVES = YES;
				CLANG_WARN_UNREACHABLE_CODE = YES;
				CLANG_WARN__DUPLICATE_METHOD_MATCH = YES;
				"CODE_SIGN_IDENTITY[sdk=iphoneos*]" = "iPhone Developer";
				COPY_PHASE_STRIP = NO;
				DEBUG_INFORMATION_FORMAT = "dwarf-with-dsym";
				ENABLE_NS_ASSERTIONS = NO;
				ENABLE_STRICT_OBJC_MSGSEND = YES;
				GCC_C_LANGUAGE_STANDARD = gnu99;
				GCC_NO_COMMON_BLOCKS = YES;
				GCC_WARN_64_TO_32_BIT_CONVERSION = YES;
				GCC_WARN_ABOUT_RETURN_TYPE = YES_ERROR;
				GCC_WARN_UNDECLARED_SELECTOR = YES;
				GCC_WARN_UNINITIALIZED_AUTOS = YES_AGGRESSIVE;
				GCC_WARN_UNUSED_FUNCTION = YES;
				GCC_WARN_UNUSED_VARIABLE = YES;
				IPHONEOS_DEPLOYMENT_TARGET = 10.0;
				MTL_ENABLE_DEBUG_INFO = NO;
				SDKROOT = iphoneos;
				SWIFT_OPTIMIZATION_LEVEL = "-Owholemodule";
				TARGETED_DEVICE_FAMILY = "1,2";
				VALIDATE_PRODUCT = YES;
			};
			name = Release;
		};
		EDCAB8E11DE77BE60039260F /* Debug */ = {
			isa = XCBuildConfiguration;
			buildSettings = {
				ASSETCATALOG_COMPILER_APPICON_NAME = AppIcon;
				INFOPLIST_FILE = clubrecordarios/Info.plist;
				LD_RUNPATH_SEARCH_PATHS = "$(inherited) @executable_path/Frameworks";
				PRODUCT_BUNDLE_IDENTIFIER = clubrecordar.clubrecordarios;
				PRODUCT_NAME = "$(TARGET_NAME)";
				SWIFT_VERSION = 3.0;
			};
			name = Debug;
		};
		EDCAB8E21DE77BE60039260F /* Release */ = {
			isa = XCBuildConfiguration;
			buildSettings = {
				ASSETCATALOG_COMPILER_APPICON_NAME = AppIcon;
				INFOPLIST_FILE = clubrecordarios/Info.plist;
				LD_RUNPATH_SEARCH_PATHS = "$(inherited) @executable_path/Frameworks";
				PRODUCT_BUNDLE_IDENTIFIER = clubrecordar.clubrecordarios;
				PRODUCT_NAME = "$(TARGET_NAME)";
				SWIFT_VERSION = 3.0;
			};
			name = Release;
		};
/* End XCBuildConfiguration section */

/* Begin XCConfigurationList section */
		EDCAB8C91DE77BE50039260F /* Build configuration list for PBXProject "clubrecordarios" */ = {
			isa = XCConfigurationList;
			buildConfigurations = (
				EDCAB8DE1DE77BE60039260F /* Debug */,
				EDCAB8DF1DE77BE60039260F /* Release */,
			);
			defaultConfigurationIsVisible = 0;
			defaultConfigurationName = Release;
		};
		EDCAB8E01DE77BE60039260F /* Build configuration list for PBXNativeTarget "clubrecordarios" */ = {
			isa = XCConfigurationList;
			buildConfigurations = (
				EDCAB8E11DE77BE60039260F /* Debug */,
				EDCAB8E21DE77BE60039260F /* Release */,
			);
			defaultConfigurationIsVisible = 0;
			defaultConfigurationName = Release;
		};
/* End XCConfigurationList section */
	};
	rootObject = EDCAB8C61DE77BE50039260F /* Project object */;
}
