// !$*UTF8*$!
{
	archiveVersion = 1;
	classes = {
	};
	objectVersion = 46;
	objects = {

/* Begin PBXBuildFile section */
		EDCAB8D21DE77BE60039260F /* AppDelegate.swift in Sources */ = {isa = PBXBuildFile; fileRef = EDCAB8D11DE77BE60039260F /* AppDelegate.swift */; };
		EDCAB8D41DE77BE60039260F /* ViewController.swift in Sources */ = {isa = PBXBuildFile; fileRef = EDCAB8D31DE77BE60039260F /* ViewController.swift */; };
		EDCAB8D71DE77BE60039260F /* Main.storyboard in Resources */ = {isa = PBXBuildFile; fileRef = EDCAB8D51DE77BE60039260F /* Main.storyboard */; };
		EDCAB8D91DE77BE60039260F /* Assets.xcassets in Resources */ = {isa = PBXBuildFile; fileRef = EDCAB8D81DE77BE60039260F /* Assets.xcassets */; };
		EDCAB8DC1DE77BE60039260F /* LaunchScreen.storyboard in Resources */ = {isa = PBXBuildFile; fileRef = EDCAB8DA1DE77BE60039260F /* LaunchScreen.storyboard */; };
/* End PBXBuildFile section */

/* Begin PBXFileReference section */
		EDCAB8CE1DE77BE50039260F /* clubrecordarios.app */ = {isa = PBXFileReference; explicitFileType = wrapper.application; includeInIndex = 0; path = clubrecordarios.app; sourceTree = BUILT_PRODUCTS_DIR; };
		EDCAB8D11DE77BE60039260F /* AppDelegate.swift */ = {isa = PBXFileReference; lastKnownFileType = sourcecode.swift; path = AppDelegate.swift; sourceTree = "<group>"; };
		EDCAB8D31DE77BE60039260F /* ViewController.swift */ = {isa = PBXFileReference; lastKnownFileType = sourcecode.swift; path = ViewController.swift; sourceTree = "<group>"; };
		EDCAB8D61DE77BE60039260F /* Base */ = {isa = PBXFileReference; lastKnownFileType = file.storyboard; name = Base; path = Base.lproj/Main.storyboard; sourceTree = "<group>"; };
		EDCAB8D81DE77BE60039260F /* Assets.xcassets */ = {isa = PBXFileReference; lastKnownFileType = folder.assetcatalog; path = Assets.xcassets; sourceTree = "<group>"; };
		EDCAB8DB1DE77BE60039260F /* Base */ = {isa = PBXFileReference; lastKnownFileType = file.storyboard; name = Base; path = Base.lproj/LaunchScreen.storyboard; sourceTree = "<group>"; };
		EDCAB8DD1DE77BE60039260F /* Info.plist */ = {isa = PBXFileReference; lastKnownFileType = text.plist.xml; path = Info.plist; sourceTree = "<group>"; };
/* End PBXFileReference section */

/* Begin PBXFrameworksBuildPhase section */
		EDCAB8CB1DE77BE50039260F /* Frameworks */ = {
			isa = PBXFrameworksBuildPhase;
			buildActionMask = 2147483647;
			files = (
			);
			runOnlyForDeploymentPostprocessing = 0;
		};
/* End PBXFrameworksBuildPhase section */

/* Begin PBXGroup section */
		EDCAB8C51DE77BE50039260F = {
			isa = PBXGroup;
			children = (
				EDCAB8D01DE77BE50039260F /* clubrecordarios */,
				EDCAB8CF1DE77BE50039260F /* Products */,
			);
			sourceTree = "<group>";
		};
		EDCAB8CF1DE77BE50039260F /* Products */ = {
			isa = PBXGroup;
			children = (
				EDCAB8CE1DE77BE50039260F /* clubrecordarios.app */,
			);
			name = Products;
			sourceTree = "<group>";
		};
		EDCAB8D01DE77BE50039260F /* clubrecordarios */ = {
			isa = PBXGroup;
			children = (
				EDCAB8D11DE77BE60039260F /* AppDelegate.swift */,
				EDCAB8D31DE77BE60039260F /* ViewController.swift */,
				EDCAB8D51DE77BE60039260F /* Main.storyboard */,
				EDCAB8D81DE77BE60039260F /* Assets.xcassets */,
				EDCAB8DA1DE77BE60039260F /* LaunchScreen.storyboard */,
				EDCAB8DD1DE77BE60039260F /* Info.plist */,
			);
			path = clubrecordarios;
			sourceTree = "<group>";
		};
/* End PBXGroup section */

/* Begin PBXNativeTarget section */
		EDCAB8CD1DE77BE50039260F /* clubrecordarios */ = {
			isa = PBXNativeTarget;
			buildConfigurationList = EDCAB8E01DE77BE60039260F /* Build configuration list for PBXNativeTarget "clubrecordarios" */;
			buildPhases = (
				EDCAB8CA1DE77BE50039260F /* Sources */,
				EDCAB8CB1DE77BE50039260F /* Frameworks */,
				EDCAB8CC1DE77BE50039260F /* Resources */,
			);
			buildRules = (
			);
			dependencies = (
			);
			name = clubrecordarios;
			productName = clubrecordarios;
			productReference = EDCAB8CE1DE77BE50039260F /* clubrecordarios.app */;
			productType = "com.apple.product-type.application";
		};
/* End PBXNativeTarget section */

/* Begin PBXProject section */
		EDCAB8C61DE77BE50039260F /* Project object */ = {
			isa = PBXProject;
			attributes = {
				LastSwiftUpdateCheck = 0800;
				LastUpgradeCheck = 0800;
				ORGANIZATIONNAME = clubrecordar;
				TargetAttributes = {
					EDCAB8CD1DE77BE50039260F = {
						CreatedOnToolsVersion = 8.0;
						ProvisioningStyle = Automatic;
					};
				};
			};
			buildConfigurationList = EDCAB8C91DE77BE50039260F /* Build configuration list for PBXProject "clubrecordarios" */;
			compatibilityVersion = "Xcode 3.2";
			developmentRegion = English;
			hasScannedForEncodings = 0;
			knownRegions = (
				en,
				Base,
			);
			mainGroup = EDCAB8C51DE77BE50039260F;
			productRefGroup = EDCAB8CF1DE77BE50039260F /* Products */;
			projectDirPath = "";
			projectRoot = "";
			targets = (
				EDCAB8CD1DE77BE50039260F /* clubrecordarios */,
			);
		};
/* End PBXProject section */

/* Begin PBXResourcesBuildPhase section */
		EDCAB8CC1DE77BE50039260F /* Resources */ = {
			isa = PBXResourcesBuildPhase;
			buildActionMask = 2147483647;
			files = (
				EDCAB8DC1DE77BE60039260F /* LaunchScreen.storyboard in Resources */,
				EDCAB8D91DE77BE60039260F /* Assets.xcassets in Resources */,
				EDCAB8D71DE77BE60039260F /* Main.storyboard in Resources */,
			);
			runOnlyForDeploymentPostprocessing = 0;
		};
/* End PBXResourcesBuildPhase section */

/* Begin PBXSourcesBuildPhase section */
		EDCAB8CA1DE77BE50039260F /* Sources */ = {
			isa = PBXSourcesBuildPhase;
			buildActionMask = 2147483647;
			files = (
				EDCAB8D41DE77BE60039260F /* ViewController.swift in Sources */,
				EDCAB8D21DE77BE60039260F /* AppDelegate.swift in Sources */,
			);
			runOnlyForDeploymentPostprocessing = 0;
		};
/* End PBXSourcesBuildPhase section */

/* Begin PBXVariantGroup section */
		EDCAB8D51DE77BE60039260F /* Main.storyboard */ = {
			isa = PBXVariantGroup;
			children = (
				EDCAB8D61DE77BE60039260F /* Base */,
			);
			name = Main.storyboard;
			sourceTree = "<group>";
		};
		EDCAB8DA1DE77BE60039260F /* LaunchScreen.storyboard */ = {
			isa = PBXVariantGroup;
			children = (
				EDCAB8DB1DE77BE60039260F /* Base */,
			);
			name = LaunchScreen.storyboard;
			sourceTree = "<group>";
		};
/* End PBXVariantGroup section */

/* Begin XCBuildConfiguration section */
		EDCAB8DE1DE77BE60039260F /* Debug */ = {
			isa = XCBuildConfiguration;
			buildSettings = {
				ALWAYS_SEARCH_USER_PATHS = NO;
				CLANG_ANALYZER_NONNULL = YES;
				CLANG_CXX_LANGUAGE_STANDARD = "gnu++0x";
				CLANG_CXX_LIBRARY = "libc++";
				CLANG_ENABLE_MODULES = YES;
				CLANG_ENABLE_OBJC_ARC = YES;
				CLANG_WARN_BOOL_CONVERSION = YES;
				CLANG_WARN_CONSTANT_CONVERSION = YES;
				CLANG_WARN_DIRECT_OBJC_ISA_USAGE = YES_ERROR;
				CLANG_WARN_DOCUMENTATION_COMMENTS = YES;
				CLANG_WARN_EMPTY_BODY = YES;
				CLANG_WARN_ENUM_CONVERSION = YES;
				CLANG_WARN_INFINITE_RECURSION = YES;
				CLANG_WARN_INT_CONVERSION = YES;
				CLANG_WARN_OBJC_ROOT_CLASS = YES_ERROR;
				CLANG_WARN_SUSPICIOUS_MOVES = YES;
				CLANG_WARN_UNREACHABLE_CODE = YES;
				CLANG_WARN__DUPLICATE_METHOD_MATCH = YES;
				"CODE_SIGN_IDENTITY[sdk=iphoneos*]" = "iPhone Developer";
				COPY_PHASE_STRIP = NO;
				DEBUG_INFORMATION_FORMAT = dwarf;
				ENABLE_STRICT_OBJC_MSGSEND = YES;
				ENABLE_TESTABILITY = YES;
				GCC_C_LANGUAGE_STANDARD = gnu99;
				GCC_DYNAMIC_NO_PIC = NO;
				GCC_NO_COMMON_BLOCKS = YES;
				GCC_OPTIMIZATION_LEVEL = 0;
				GCC_PREPROCESSOR_DEFINITIONS = (
					"DEBUG=1",
					"$(inherited)",
				);
				GCC_WARN_64_TO_32_BIT_CONVERSION = YES;
				GCC_WARN_ABOUT_RETURN_TYPE = YES_ERROR;
				GCC_WARN_UNDECLARED_SELECTOR = YES;
				GCC_WARN_UNINITIALIZED_AUTOS = YES_AGGRESSIVE;
				GCC_WARN_UNUSED_FUNCTION = YES;
				GCC_WARN_UNUSED_VARIABLE = YES;
				IPHONEOS_DEPLOYMENT_TARGET = 10.0;
				MTL_ENABLE_DEBUG_INFO = YES;
				ONLY_ACTIVE_ARCH = YES;
				SDKROOT = iphoneos;
				SWIFT_ACTIVE_COMPILATION_CONDITIONS = DEBUG;
				SWIFT_OPTIMIZATION_LEVEL = "-Onone";
				TARGETED_DEVICE_FAMILY = "1,2";
			};
			name = Debug;
		};
		EDCAB8DF1DE77BE60039260F /* Release */ = {
			isa = XCBuildConfiguration;
			buildSettings = {
				ALWAYS_SEARCH_USER_PATHS = NO;
				CLANG_ANALYZER_NONNULL = YES;
				CLANG_CXX_LANGUAGE_STANDARD = "gnu++0x";
				CLANG_CXX_LIBRARY = "libc++";
				CLANG_ENABLE_MODULES = YES;
				CLANG_ENABLE_OBJC_ARC = YES;
				CLANG_WARN_BOOL_CONVERSION = YES;
				CLANG_WARN_CONSTANT_CONVERSION = YES;
				CLANG_WARN_DIRECT_OBJC_ISA_USAGE = YES_ERROR;
				CLANG_WARN_DOCUMENTATION_COMMENTS = YES;
				CLANG_WARN_EMPTY_BODY = YES;
				CLANG_WARN_ENUM_CONVERSION = YES;
				CLANG_WARN_INFINITE_RECURSION = YES;
				CLANG_WARN_INT_CONVERSION = YES;
				CLANG_WARN_OBJC_ROOT_CLASS = YES_ERROR;
				CLANG_WARN_SUSPICIOUS_MOVES = YES;
				CLANG_WARN_UNREACHABLE_CODE = YES;
				CLANG_WARN__DUPLICATE_METHOD_MATCH = YES;
				"CODE_SIGN_IDENTITY[sdk=iphoneos*]" = "iPhone Developer";
				COPY_PHASE_STRIP = NO;
				DEBUG_INFORMATION_FORMAT = "dwarf-with-dsym";
				ENABLE_NS_ASSERTIONS = NO;
				ENABLE_STRICT_OBJC_MSGSEND = YES;
				GCC_C_LANGUAGE_STANDARD = gnu99;
				GCC_NO_COMMON_BLOCKS = YES;
				GCC_WARN_64_TO_32_BIT_CONVERSION = YES;
				GCC_WARN_ABOUT_RETURN_TYPE = YES_ERROR;
				GCC_WARN_UNDECLARED_SELECTOR = YES;
				GCC_WARN_UNINITIALIZED_AUTOS = YES_AGGRESSIVE;
				GCC_WARN_UNUSED_FUNCTION = YES;
				GCC_WARN_UNUSED_VARIABLE = YES;
				IPHONEOS_DEPLOYMENT_TARGET = 10.0;
				MTL_ENABLE_DEBUG_INFO = NO;
				SDKROOT = iphoneos;
				SWIFT_OPTIMIZATION_LEVEL = "-Owholemodule";
				TARGETED_DEVICE_FAMILY = "1,2";
				VALIDATE_PRODUCT = YES;
			};
			name = Release;
		};
		EDCAB8E11DE77BE60039260F /* Debug */ = {
			isa = XCBuildConfiguration;
			buildSettings = {
				ASSETCATALOG_COMPILER_APPICON_NAME = AppIcon;
				INFOPLIST_FILE = clubrecordarios/Info.plist;
				LD_RUNPATH_SEARCH_PATHS = "$(inherited) @executable_path/Frameworks";
				PRODUCT_BUNDLE_IDENTIFIER = clubrecordar.clubrecordarios;
				PRODUCT_NAME = "$(TARGET_NAME)";
				SWIFT_VERSION = 3.0;
			};
			name = Debug;
		};
		EDCAB8E21DE77BE60039260F /* Release */ = {
			isa = XCBuildConfiguration;
			buildSettings = {
				ASSETCATALOG_COMPILER_APPICON_NAME = AppIcon;
				INFOPLIST_FILE = clubrecordarios/Info.plist;
				LD_RUNPATH_SEARCH_PATHS = "$(inherited) @executable_path/Frameworks";
				PRODUCT_BUNDLE_IDENTIFIER = clubrecordar.clubrecordarios;
				PRODUCT_NAME = "$(TARGET_NAME)";
				SWIFT_VERSION = 3.0;
			};
			name = Release;
		};
/* End XCBuildConfiguration section */

/* Begin XCConfigurationList section */
		EDCAB8C91DE77BE50039260F /* Build configuration list for PBXProject "clubrecordarios" */ = {
			isa = XCConfigurationList;
			buildConfigurations = (
				EDCAB8DE1DE77BE60039260F /* Debug */,
				EDCAB8DF1DE77BE60039260F /* Release */,
			);
			defaultConfigurationIsVisible = 0;
			defaultConfigurationName = Release;
		};
		EDCAB8E01DE77BE60039260F /* Build configuration list for PBXNativeTarget "clubrecordarios" */ = {
			isa = XCConfigurationList;
			buildConfigurations = (
				EDCAB8E11DE77BE60039260F /* Debug */,
				EDCAB8E21DE77BE60039260F /* Release */,
			);
			defaultConfigurationIsVisible = 0;
		};
/* End XCConfigurationList section */
	};
	rootObject = EDCAB8C61DE77BE50039260F /* Project object */;
}
